github.com/davecgh/go-spew v1.1.1 h1:vj9j/u1bqnvCEfJOwUhtlOARqs3+rkHYY13jYWTU97c=
github.com/davecgh/go-spew v1.1.1/go.mod h1:J7Y8YcW2NihsgmVo/mv3lAwl/skON4iLHjSsI+c5H38=
github.com/didiercrunch/paillier v0.0.0-20180810105046-753322e473bf h1:E+Ls4N8hxy3ElxEixzFBs1kt5NNySqI+o2V4Y62ADZ0=
github.com/didiercrunch/paillier v0.0.0-20180810105046-753322e473bf/go.mod h1:9yStm7xb64EmXRvpSxc0P9NmmQq4MnM3tCdU5y6T+tk=
github.com/google/uuid v1.2.0 h1:qJYtXnJRWmpe7m/3XlyhrsLrEURqHRM2kxzoxXqyUDs=
github.com/google/uuid v1.2.0/go.mod h1:TIyPZe4MgqvfeYDBFedMoGGpEw/LqOeaOT+nhxU+yHo=
github.com/ivpusic/grpool v1.0.0 h1:+FCiCo3GhfsvzfXuJWnpJUNb/VaqyYVgG8C+qvh07Rc=
github.com/ivpusic/grpool v1.0.0/go.mod h1:WPmiAI5ExAn06vg+0JzyPzXMQutJmpb7TrBtyLJkOHQ=
github.com/pmezard/go-difflib v1.0.0 h1:4DBwDE0NGyQoBHbLQYPwSUPoCMWR5BEzIk/f1lZbAQM=
github.com/pmezard/go-difflib v1.0.0/go.mod h1:iKH77koFhYxTK1pcRnkKkqfTogsbg7gZNVY4sRDYZ/4=
github.com/stretchr/testify v1.2.2 h1:bSDNvY7ZPG5RlJ8otE/7V6gMiyenm9RtJ7IUVIAoJ1w=
github.com/stretchr/testify v1.2.2/go.mod h1:a8OnRcib4nhh0OaRAV+Yts87kKdq0PP7pXfy6kDkUVs=
